
Microsoft Visual Studio Solution File, Format Version 12.00
Project("{FAE04EC0-301F-11D3-BF4B-00C04F79EFBC}") = "PostgresSampleApp", "PostgresSampleApp\PostgresSampleApp.csproj", "{C8841B76-9158-4716-A37A-C957AE3607B9}"
EndProject
Project("{FAE04EC0-301F-11D3-BF4B-00C04F79EFBC}") = "UnitTestProject", "UnitTestProject\UnitTestProject.csproj", "{50F0569D-E4E9-424A-9B94-9DA83FCED60E}"
EndProject
Global
	GlobalSection(SolutionConfigurationPlatforms) = preSolution
		Debug|Any CPU = Debug|Any CPU
		Release|Any CPU = Release|Any CPU
	EndGlobalSection
	GlobalSection(ProjectConfigurationPlatforms) = postSolution
		{C8841B76-9158-4716-A37A-C957AE3607B9}.Debug|Any CPU.ActiveCfg = Debug|Any CPU
		{C8841B76-9158-4716-A37A-C957AE3607B9}.Debug|Any CPU.Build.0 = Debug|Any CPU
		{C8841B76-9158-4716-A37A-C957AE3607B9}.Release|Any CPU.ActiveCfg = Release|Any CPU
		{C8841B76-9158-4716-A37A-C957AE3607B9}.Release|Any CPU.Build.0 = Release|Any CPU
		{50F0569D-E4E9-424A-9B94-9DA83FCED60E}.Debug|Any CPU.ActiveCfg = Debug|Any CPU
		{50F0569D-E4E9-424A-9B94-9DA83FCED60E}.Debug|Any CPU.Build.0 = Debug|Any CPU
		{50F0569D-E4E9-424A-9B94-9DA83FCED60E}.Release|Any CPU.ActiveCfg = Release|Any CPU
		{50F0569D-E4E9-424A-9B94-9DA83FCED60E}.Release|Any CPU.Build.0 = Release|Any CPU
	EndGlobalSection
EndGlobal
